
Microsoft Visual Studio Solution File, Format Version 12.00
# Visual Studio 15
VisualStudioVersion = 15.0.26430.6
MinimumVisualStudioVersion = 10.0.40219.1
Project("{2150E333-8FDC-42A3-9474-1A3956D46DE8}") = "Libraries", "Libraries", "{B80507D0-70D5-4384-B027-7E8A42BC71B8}"
EndProject
Project("{8BC9CEB8-8B4A-11D0-8D11-00A0C91BC942}") = "glad", "Libraries\glad\glad.vcxproj", "{232EC3F2-CF4A-4179-A60B-80EC0A0128E0}"
EndProject
Project("{2150E333-8FDC-42A3-9474-1A3956D46DE8}") = "Lighting", "Lighting", "{24673D11-0549-464E-9465-5B077A0C62D6}"
EndProject
Project("{8BC9CEB8-8B4A-11D0-8D11-00A0C91BC942}") = "BasicLighting", "Lighting\BasicLighting\BasicLighting.vcxproj", "{E3938069-74E9-4D9F-8CE5-27341C1F9D71}"
	ProjectSection(ProjectDependencies) = postProject
		{232EC3F2-CF4A-4179-A60B-80EC0A0128E0} = {232EC3F2-CF4A-4179-A60B-80EC0A0128E0}
	EndProjectSection
EndProject
Project("{2150E333-8FDC-42A3-9474-1A3956D46DE8}") = "include", "include", "{7AF272BB-3669-4B7B-8124-642822603621}"
	ProjectSection(SolutionItems) = preProject
		Libraries\include\camera.h = Libraries\include\camera.h
		Libraries\include\mesh.h = Libraries\include\mesh.h
		Libraries\include\model.h = Libraries\include\model.h
		Libraries\include\shader.h = Libraries\include\shader.h
		Libraries\include\stb_image.h = Libraries\include\stb_image.h
	EndProjectSection
EndProject
Project("{8BC9CEB8-8B4A-11D0-8D11-00A0C91BC942}") = "Materials", "Lighting\Materials\Materials.vcxproj", "{293C7EB9-2677-48C7-947E-9D40579F625B}"
	ProjectSection(ProjectDependencies) = postProject
		{232EC3F2-CF4A-4179-A60B-80EC0A0128E0} = {232EC3F2-CF4A-4179-A60B-80EC0A0128E0}
	EndProjectSection
EndProject
Project("{8BC9CEB8-8B4A-11D0-8D11-00A0C91BC942}") = "Spotlight", "Lighting\Spotlight\Spotlight.vcxproj", "{35FE833F-8594-4C85-B4F8-D7AADCDA47BB}"
	ProjectSection(ProjectDependencies) = postProject
		{232EC3F2-CF4A-4179-A60B-80EC0A0128E0} = {232EC3F2-CF4A-4179-A60B-80EC0A0128E0}
	EndProjectSection
EndProject
Project("{8BC9CEB8-8B4A-11D0-8D11-00A0C91BC942}") = "MultipleLights", "Lighting\MultipleLights\MultipleLights.vcxproj", "{EE82EC69-3563-47E3-9A85-E9D2FAA4435B}"
	ProjectSection(ProjectDependencies) = postProject
		{232EC3F2-CF4A-4179-A60B-80EC0A0128E0} = {232EC3F2-CF4A-4179-A60B-80EC0A0128E0}
	EndProjectSection
EndProject
Project("{8BC9CEB8-8B4A-11D0-8D11-00A0C91BC942}") = "Starting", "Starting\Starting.vcxproj", "{D4C6DE80-0284-43A5-93E5-F82C98B23A68}"
	ProjectSection(ProjectDependencies) = postProject
		{232EC3F2-CF4A-4179-A60B-80EC0A0128E0} = {232EC3F2-CF4A-4179-A60B-80EC0A0128E0}
	EndProjectSection
EndProject
Project("{2150E333-8FDC-42A3-9474-1A3956D46DE8}") = "Opengl", "Opengl", "{D1ABE823-D219-4195-8844-C9BA350076C9}"
EndProject
Project("{8BC9CEB8-8B4A-11D0-8D11-00A0C91BC942}") = "DepthTesting", "Opengl\DepthTesting\DepthTesting.vcxproj", "{D4995235-3470-41ED-978C-042B61E03B71}"
	ProjectSection(ProjectDependencies) = postProject
		{232EC3F2-CF4A-4179-A60B-80EC0A0128E0} = {232EC3F2-CF4A-4179-A60B-80EC0A0128E0}
	EndProjectSection
EndProject
Project("{8BC9CEB8-8B4A-11D0-8D11-00A0C91BC942}") = "StencilTesting", "Opengl\StencilTesting\StencilTesting.vcxproj", "{6BF0A9A1-C0C0-4B2A-809B-E2A7F3C17FF2}"
	ProjectSection(ProjectDependencies) = postProject
		{232EC3F2-CF4A-4179-A60B-80EC0A0128E0} = {232EC3F2-CF4A-4179-A60B-80EC0A0128E0}
	EndProjectSection
EndProject
Project("{8BC9CEB8-8B4A-11D0-8D11-00A0C91BC942}") = "Blending", "Opengl\Blending\Blending.vcxproj", "{F63C07EC-4077-458D-ABA1-77A323822614}"
	ProjectSection(ProjectDependencies) = postProject
		{232EC3F2-CF4A-4179-A60B-80EC0A0128E0} = {232EC3F2-CF4A-4179-A60B-80EC0A0128E0}
	EndProjectSection
EndProject
Project("{8BC9CEB8-8B4A-11D0-8D11-00A0C91BC942}") = "FrameBuffers", "Opengl\FrameBuffers\FrameBuffers.vcxproj", "{4D63D537-3471-453F-A31D-EA087868DE77}"
	ProjectSection(ProjectDependencies) = postProject
		{232EC3F2-CF4A-4179-A60B-80EC0A0128E0} = {232EC3F2-CF4A-4179-A60B-80EC0A0128E0}
	EndProjectSection
EndProject
Project("{8BC9CEB8-8B4A-11D0-8D11-00A0C91BC942}") = "Cubemaps", "Opengl\Cubemaps\Cubemaps.vcxproj", "{A781775D-7C18-4E36-89CF-41685011CAD1}"
	ProjectSection(ProjectDependencies) = postProject
		{232EC3F2-CF4A-4179-A60B-80EC0A0128E0} = {232EC3F2-CF4A-4179-A60B-80EC0A0128E0}
	EndProjectSection
EndProject
Project("{8BC9CEB8-8B4A-11D0-8D11-00A0C91BC942}") = "GeometryShader", "Opengl\GeometryShader\GeometryShader.vcxproj", "{1CD26EB7-1C94-4316-BB80-D2D7F559585C}"
	ProjectSection(ProjectDependencies) = postProject
		{232EC3F2-CF4A-4179-A60B-80EC0A0128E0} = {232EC3F2-CF4A-4179-A60B-80EC0A0128E0}
	EndProjectSection
EndProject
Project("{8BC9CEB8-8B4A-11D0-8D11-00A0C91BC942}") = "Instancing", "Opengl\Instancing\Instancing.vcxproj", "{488DB3D1-DE1D-4B86-9A0D-235937A3A5E2}"
EndProject
Project("{8BC9CEB8-8B4A-11D0-8D11-00A0C91BC942}") = "MultiSampling", "Opengl\MultiSampling\MultiSampling.vcxproj", "{A2239611-E3BC-455D-A473-66580751E3A2}"
	ProjectSection(ProjectDependencies) = postProject
		{232EC3F2-CF4A-4179-A60B-80EC0A0128E0} = {232EC3F2-CF4A-4179-A60B-80EC0A0128E0}
	EndProjectSection
EndProject
Project("{8BC9CEB8-8B4A-11D0-8D11-00A0C91BC942}") = "BlinnPhong", "Lighting\BlinnPhong\BlinnPhong.vcxproj", "{52B7A631-212F-40F4-9E43-627ABE0A29AD}"
	ProjectSection(ProjectDependencies) = postProject
		{232EC3F2-CF4A-4179-A60B-80EC0A0128E0} = {232EC3F2-CF4A-4179-A60B-80EC0A0128E0}
	EndProjectSection
EndProject
Project("{8BC9CEB8-8B4A-11D0-8D11-00A0C91BC942}") = "GammaCorrection", "Lighting\GammaCorrection\GammaCorrection.vcxproj", "{CEC278DF-3689-48EB-86F8-C354AB3D5FD1}"
EndProject
Project("{8BC9CEB8-8B4A-11D0-8D11-00A0C91BC942}") = "ShadowMapping", "Lighting\ShadowMapping\ShadowMapping.vcxproj", "{3F5DAB00-0978-4374-AA7F-24AE316460DA}"
	ProjectSection(ProjectDependencies) = postProject
		{232EC3F2-CF4A-4179-A60B-80EC0A0128E0} = {232EC3F2-CF4A-4179-A60B-80EC0A0128E0}
	EndProjectSection
EndProject
Project("{8BC9CEB8-8B4A-11D0-8D11-00A0C91BC942}") = "PointShadows", "Lighting\PointShadows\PointShadows.vcxproj", "{E586AF27-5613-4B40-A4E7-D018B716B72B}"
EndProject
Project("{8BC9CEB8-8B4A-11D0-8D11-00A0C91BC942}") = "NormalMapping", "Lighting\NormalMapping\NormalMapping.vcxproj", "{45B0E041-2309-480A-A077-9FB5C417CDA0}"
EndProject
Project("{8BC9CEB8-8B4A-11D0-8D11-00A0C91BC942}") = "ParallaxMapping", "Lighting\ParallaxMapping\ParallaxMapping.vcxproj", "{1DFF6297-93EB-4024-B1EB-519CA2F3588E}"
EndProject
Project("{8BC9CEB8-8B4A-11D0-8D11-00A0C91BC942}") = "HDR", "Lighting\HDR\HDR.vcxproj", "{D4A35366-91DE-4850-9D0F-2787EF0C031F}"
	ProjectSection(ProjectDependencies) = postProject
		{232EC3F2-CF4A-4179-A60B-80EC0A0128E0} = {232EC3F2-CF4A-4179-A60B-80EC0A0128E0}
	EndProjectSection
EndProject
Project("{8BC9CEB8-8B4A-11D0-8D11-00A0C91BC942}") = "DeferredShading", "Lighting\DeferredShading\DeferredShading.vcxproj", "{B9D1552E-344B-4416-B311-4B9EB25594E1}"
EndProject
Project("{8BC9CEB8-8B4A-11D0-8D11-00A0C91BC942}") = "SSAO", "Lighting\SSAO\SSAO.vcxproj", "{D2CBEA70-E9EB-4A8F-89E7-9C5BB39876AE}"
EndProject
Global
	GlobalSection(SolutionConfigurationPlatforms) = preSolution
		Debug|x64 = Debug|x64
		Debug|x86 = Debug|x86
		Release|x64 = Release|x64
		Release|x86 = Release|x86
	EndGlobalSection
	GlobalSection(ProjectConfigurationPlatforms) = postSolution
		{232EC3F2-CF4A-4179-A60B-80EC0A0128E0}.Debug|x64.ActiveCfg = Debug|x64
		{232EC3F2-CF4A-4179-A60B-80EC0A0128E0}.Debug|x64.Build.0 = Debug|x64
		{232EC3F2-CF4A-4179-A60B-80EC0A0128E0}.Debug|x86.ActiveCfg = Debug|Win32
		{232EC3F2-CF4A-4179-A60B-80EC0A0128E0}.Debug|x86.Build.0 = Debug|Win32
		{232EC3F2-CF4A-4179-A60B-80EC0A0128E0}.Release|x64.ActiveCfg = Release|x64
		{232EC3F2-CF4A-4179-A60B-80EC0A0128E0}.Release|x64.Build.0 = Release|x64
		{232EC3F2-CF4A-4179-A60B-80EC0A0128E0}.Release|x86.ActiveCfg = Release|Win32
		{232EC3F2-CF4A-4179-A60B-80EC0A0128E0}.Release|x86.Build.0 = Release|Win32
		{E3938069-74E9-4D9F-8CE5-27341C1F9D71}.Debug|x64.ActiveCfg = Debug|x64
		{E3938069-74E9-4D9F-8CE5-27341C1F9D71}.Debug|x64.Build.0 = Debug|x64
		{E3938069-74E9-4D9F-8CE5-27341C1F9D71}.Debug|x86.ActiveCfg = Debug|Win32
		{E3938069-74E9-4D9F-8CE5-27341C1F9D71}.Debug|x86.Build.0 = Debug|Win32
		{E3938069-74E9-4D9F-8CE5-27341C1F9D71}.Release|x64.ActiveCfg = Release|x64
		{E3938069-74E9-4D9F-8CE5-27341C1F9D71}.Release|x64.Build.0 = Release|x64
		{E3938069-74E9-4D9F-8CE5-27341C1F9D71}.Release|x86.ActiveCfg = Release|Win32
		{E3938069-74E9-4D9F-8CE5-27341C1F9D71}.Release|x86.Build.0 = Release|Win32
		{293C7EB9-2677-48C7-947E-9D40579F625B}.Debug|x64.ActiveCfg = Debug|x64
		{293C7EB9-2677-48C7-947E-9D40579F625B}.Debug|x64.Build.0 = Debug|x64
		{293C7EB9-2677-48C7-947E-9D40579F625B}.Debug|x86.ActiveCfg = Debug|Win32
		{293C7EB9-2677-48C7-947E-9D40579F625B}.Debug|x86.Build.0 = Debug|Win32
		{293C7EB9-2677-48C7-947E-9D40579F625B}.Release|x64.ActiveCfg = Release|x64
		{293C7EB9-2677-48C7-947E-9D40579F625B}.Release|x64.Build.0 = Release|x64
		{293C7EB9-2677-48C7-947E-9D40579F625B}.Release|x86.ActiveCfg = Release|Win32
		{293C7EB9-2677-48C7-947E-9D40579F625B}.Release|x86.Build.0 = Release|Win32
		{35FE833F-8594-4C85-B4F8-D7AADCDA47BB}.Debug|x64.ActiveCfg = Debug|x64
		{35FE833F-8594-4C85-B4F8-D7AADCDA47BB}.Debug|x64.Build.0 = Debug|x64
		{35FE833F-8594-4C85-B4F8-D7AADCDA47BB}.Debug|x86.ActiveCfg = Debug|Win32
		{35FE833F-8594-4C85-B4F8-D7AADCDA47BB}.Debug|x86.Build.0 = Debug|Win32
		{35FE833F-8594-4C85-B4F8-D7AADCDA47BB}.Release|x64.ActiveCfg = Release|x64
		{35FE833F-8594-4C85-B4F8-D7AADCDA47BB}.Release|x64.Build.0 = Release|x64
		{35FE833F-8594-4C85-B4F8-D7AADCDA47BB}.Release|x86.ActiveCfg = Release|Win32
		{35FE833F-8594-4C85-B4F8-D7AADCDA47BB}.Release|x86.Build.0 = Release|Win32
		{EE82EC69-3563-47E3-9A85-E9D2FAA4435B}.Debug|x64.ActiveCfg = Debug|x64
		{EE82EC69-3563-47E3-9A85-E9D2FAA4435B}.Debug|x64.Build.0 = Debug|x64
		{EE82EC69-3563-47E3-9A85-E9D2FAA4435B}.Debug|x86.ActiveCfg = Debug|Win32
		{EE82EC69-3563-47E3-9A85-E9D2FAA4435B}.Debug|x86.Build.0 = Debug|Win32
		{EE82EC69-3563-47E3-9A85-E9D2FAA4435B}.Release|x64.ActiveCfg = Release|x64
		{EE82EC69-3563-47E3-9A85-E9D2FAA4435B}.Release|x64.Build.0 = Release|x64
		{EE82EC69-3563-47E3-9A85-E9D2FAA4435B}.Release|x86.ActiveCfg = Release|Win32
		{EE82EC69-3563-47E3-9A85-E9D2FAA4435B}.Release|x86.Build.0 = Release|Win32
		{D4C6DE80-0284-43A5-93E5-F82C98B23A68}.Debug|x64.ActiveCfg = Debug|x64
		{D4C6DE80-0284-43A5-93E5-F82C98B23A68}.Debug|x64.Build.0 = Debug|x64
		{D4C6DE80-0284-43A5-93E5-F82C98B23A68}.Debug|x86.ActiveCfg = Debug|Win32
		{D4C6DE80-0284-43A5-93E5-F82C98B23A68}.Debug|x86.Build.0 = Debug|Win32
		{D4C6DE80-0284-43A5-93E5-F82C98B23A68}.Release|x64.ActiveCfg = Release|x64
		{D4C6DE80-0284-43A5-93E5-F82C98B23A68}.Release|x64.Build.0 = Release|x64
		{D4C6DE80-0284-43A5-93E5-F82C98B23A68}.Release|x86.ActiveCfg = Release|Win32
		{D4C6DE80-0284-43A5-93E5-F82C98B23A68}.Release|x86.Build.0 = Release|Win32
		{D4995235-3470-41ED-978C-042B61E03B71}.Debug|x64.ActiveCfg = Debug|x64
		{D4995235-3470-41ED-978C-042B61E03B71}.Debug|x64.Build.0 = Debug|x64
		{D4995235-3470-41ED-978C-042B61E03B71}.Debug|x86.ActiveCfg = Debug|Win32
		{D4995235-3470-41ED-978C-042B61E03B71}.Debug|x86.Build.0 = Debug|Win32
		{D4995235-3470-41ED-978C-042B61E03B71}.Release|x64.ActiveCfg = Release|x64
		{D4995235-3470-41ED-978C-042B61E03B71}.Release|x64.Build.0 = Release|x64
		{D4995235-3470-41ED-978C-042B61E03B71}.Release|x86.ActiveCfg = Release|Win32
		{D4995235-3470-41ED-978C-042B61E03B71}.Release|x86.Build.0 = Release|Win32
		{6BF0A9A1-C0C0-4B2A-809B-E2A7F3C17FF2}.Debug|x64.ActiveCfg = Debug|x64
		{6BF0A9A1-C0C0-4B2A-809B-E2A7F3C17FF2}.Debug|x64.Build.0 = Debug|x64
		{6BF0A9A1-C0C0-4B2A-809B-E2A7F3C17FF2}.Debug|x86.ActiveCfg = Debug|Win32
		{6BF0A9A1-C0C0-4B2A-809B-E2A7F3C17FF2}.Debug|x86.Build.0 = Debug|Win32
		{6BF0A9A1-C0C0-4B2A-809B-E2A7F3C17FF2}.Release|x64.ActiveCfg = Release|x64
		{6BF0A9A1-C0C0-4B2A-809B-E2A7F3C17FF2}.Release|x64.Build.0 = Release|x64
		{6BF0A9A1-C0C0-4B2A-809B-E2A7F3C17FF2}.Release|x86.ActiveCfg = Release|Win32
		{6BF0A9A1-C0C0-4B2A-809B-E2A7F3C17FF2}.Release|x86.Build.0 = Release|Win32
		{F63C07EC-4077-458D-ABA1-77A323822614}.Debug|x64.ActiveCfg = Debug|x64
		{F63C07EC-4077-458D-ABA1-77A323822614}.Debug|x64.Build.0 = Debug|x64
		{F63C07EC-4077-458D-ABA1-77A323822614}.Debug|x86.ActiveCfg = Debug|Win32
		{F63C07EC-4077-458D-ABA1-77A323822614}.Debug|x86.Build.0 = Debug|Win32
		{F63C07EC-4077-458D-ABA1-77A323822614}.Release|x64.ActiveCfg = Release|x64
		{F63C07EC-4077-458D-ABA1-77A323822614}.Release|x64.Build.0 = Release|x64
		{F63C07EC-4077-458D-ABA1-77A323822614}.Release|x86.ActiveCfg = Release|Win32
		{F63C07EC-4077-458D-ABA1-77A323822614}.Release|x86.Build.0 = Release|Win32
		{4D63D537-3471-453F-A31D-EA087868DE77}.Debug|x64.ActiveCfg = Debug|x64
		{4D63D537-3471-453F-A31D-EA087868DE77}.Debug|x64.Build.0 = Debug|x64
		{4D63D537-3471-453F-A31D-EA087868DE77}.Debug|x86.ActiveCfg = Debug|Win32
		{4D63D537-3471-453F-A31D-EA087868DE77}.Debug|x86.Build.0 = Debug|Win32
		{4D63D537-3471-453F-A31D-EA087868DE77}.Release|x64.ActiveCfg = Release|x64
		{4D63D537-3471-453F-A31D-EA087868DE77}.Release|x64.Build.0 = Release|x64
		{4D63D537-3471-453F-A31D-EA087868DE77}.Release|x86.ActiveCfg = Release|Win32
		{4D63D537-3471-453F-A31D-EA087868DE77}.Release|x86.Build.0 = Release|Win32
		{A781775D-7C18-4E36-89CF-41685011CAD1}.Debug|x64.ActiveCfg = Debug|x64
		{A781775D-7C18-4E36-89CF-41685011CAD1}.Debug|x64.Build.0 = Debug|x64
		{A781775D-7C18-4E36-89CF-41685011CAD1}.Debug|x86.ActiveCfg = Debug|Win32
		{A781775D-7C18-4E36-89CF-41685011CAD1}.Debug|x86.Build.0 = Debug|Win32
		{A781775D-7C18-4E36-89CF-41685011CAD1}.Release|x64.ActiveCfg = Release|x64
		{A781775D-7C18-4E36-89CF-41685011CAD1}.Release|x64.Build.0 = Release|x64
		{A781775D-7C18-4E36-89CF-41685011CAD1}.Release|x86.ActiveCfg = Release|Win32
		{A781775D-7C18-4E36-89CF-41685011CAD1}.Release|x86.Build.0 = Release|Win32
		{1CD26EB7-1C94-4316-BB80-D2D7F559585C}.Debug|x64.ActiveCfg = Debug|x64
		{1CD26EB7-1C94-4316-BB80-D2D7F559585C}.Debug|x64.Build.0 = Debug|x64
		{1CD26EB7-1C94-4316-BB80-D2D7F559585C}.Debug|x86.ActiveCfg = Debug|Win32
		{1CD26EB7-1C94-4316-BB80-D2D7F559585C}.Debug|x86.Build.0 = Debug|Win32
		{1CD26EB7-1C94-4316-BB80-D2D7F559585C}.Release|x64.ActiveCfg = Release|x64
		{1CD26EB7-1C94-4316-BB80-D2D7F559585C}.Release|x64.Build.0 = Release|x64
		{1CD26EB7-1C94-4316-BB80-D2D7F559585C}.Release|x86.ActiveCfg = Release|Win32
		{1CD26EB7-1C94-4316-BB80-D2D7F559585C}.Release|x86.Build.0 = Release|Win32
		{488DB3D1-DE1D-4B86-9A0D-235937A3A5E2}.Debug|x64.ActiveCfg = Debug|x64
		{488DB3D1-DE1D-4B86-9A0D-235937A3A5E2}.Debug|x64.Build.0 = Debug|x64
		{488DB3D1-DE1D-4B86-9A0D-235937A3A5E2}.Debug|x86.ActiveCfg = Debug|Win32
		{488DB3D1-DE1D-4B86-9A0D-235937A3A5E2}.Debug|x86.Build.0 = Debug|Win32
		{488DB3D1-DE1D-4B86-9A0D-235937A3A5E2}.Release|x64.ActiveCfg = Release|x64
		{488DB3D1-DE1D-4B86-9A0D-235937A3A5E2}.Release|x64.Build.0 = Release|x64
		{488DB3D1-DE1D-4B86-9A0D-235937A3A5E2}.Release|x86.ActiveCfg = Release|Win32
		{488DB3D1-DE1D-4B86-9A0D-235937A3A5E2}.Release|x86.Build.0 = Release|Win32
		{A2239611-E3BC-455D-A473-66580751E3A2}.Debug|x64.ActiveCfg = Debug|x64
		{A2239611-E3BC-455D-A473-66580751E3A2}.Debug|x64.Build.0 = Debug|x64
		{A2239611-E3BC-455D-A473-66580751E3A2}.Debug|x86.ActiveCfg = Debug|Win32
		{A2239611-E3BC-455D-A473-66580751E3A2}.Debug|x86.Build.0 = Debug|Win32
		{A2239611-E3BC-455D-A473-66580751E3A2}.Release|x64.ActiveCfg = Release|x64
		{A2239611-E3BC-455D-A473-66580751E3A2}.Release|x64.Build.0 = Release|x64
		{A2239611-E3BC-455D-A473-66580751E3A2}.Release|x86.ActiveCfg = Release|Win32
		{A2239611-E3BC-455D-A473-66580751E3A2}.Release|x86.Build.0 = Release|Win32
		{52B7A631-212F-40F4-9E43-627ABE0A29AD}.Debug|x64.ActiveCfg = Debug|x64
		{52B7A631-212F-40F4-9E43-627ABE0A29AD}.Debug|x64.Build.0 = Debug|x64
		{52B7A631-212F-40F4-9E43-627ABE0A29AD}.Debug|x86.ActiveCfg = Debug|Win32
		{52B7A631-212F-40F4-9E43-627ABE0A29AD}.Debug|x86.Build.0 = Debug|Win32
		{52B7A631-212F-40F4-9E43-627ABE0A29AD}.Release|x64.ActiveCfg = Release|x64
		{52B7A631-212F-40F4-9E43-627ABE0A29AD}.Release|x64.Build.0 = Release|x64
		{52B7A631-212F-40F4-9E43-627ABE0A29AD}.Release|x86.ActiveCfg = Release|Win32
		{52B7A631-212F-40F4-9E43-627ABE0A29AD}.Release|x86.Build.0 = Release|Win32
		{CEC278DF-3689-48EB-86F8-C354AB3D5FD1}.Debug|x64.ActiveCfg = Debug|x64
		{CEC278DF-3689-48EB-86F8-C354AB3D5FD1}.Debug|x64.Build.0 = Debug|x64
		{CEC278DF-3689-48EB-86F8-C354AB3D5FD1}.Debug|x86.ActiveCfg = Debug|Win32
		{CEC278DF-3689-48EB-86F8-C354AB3D5FD1}.Debug|x86.Build.0 = Debug|Win32
		{CEC278DF-3689-48EB-86F8-C354AB3D5FD1}.Release|x64.ActiveCfg = Release|x64
		{CEC278DF-3689-48EB-86F8-C354AB3D5FD1}.Release|x64.Build.0 = Release|x64
		{CEC278DF-3689-48EB-86F8-C354AB3D5FD1}.Release|x86.ActiveCfg = Release|Win32
		{CEC278DF-3689-48EB-86F8-C354AB3D5FD1}.Release|x86.Build.0 = Release|Win32
		{3F5DAB00-0978-4374-AA7F-24AE316460DA}.Debug|x64.ActiveCfg = Debug|x64
		{3F5DAB00-0978-4374-AA7F-24AE316460DA}.Debug|x64.Build.0 = Debug|x64
		{3F5DAB00-0978-4374-AA7F-24AE316460DA}.Debug|x86.ActiveCfg = Debug|Win32
		{3F5DAB00-0978-4374-AA7F-24AE316460DA}.Debug|x86.Build.0 = Debug|Win32
		{3F5DAB00-0978-4374-AA7F-24AE316460DA}.Release|x64.ActiveCfg = Release|x64
		{3F5DAB00-0978-4374-AA7F-24AE316460DA}.Release|x64.Build.0 = Release|x64
		{3F5DAB00-0978-4374-AA7F-24AE316460DA}.Release|x86.ActiveCfg = Release|Win32
		{3F5DAB00-0978-4374-AA7F-24AE316460DA}.Release|x86.Build.0 = Release|Win32
		{E586AF27-5613-4B40-A4E7-D018B716B72B}.Debug|x64.ActiveCfg = Debug|x64
		{E586AF27-5613-4B40-A4E7-D018B716B72B}.Debug|x64.Build.0 = Debug|x64
		{E586AF27-5613-4B40-A4E7-D018B716B72B}.Debug|x86.ActiveCfg = Debug|Win32
		{E586AF27-5613-4B40-A4E7-D018B716B72B}.Debug|x86.Build.0 = Debug|Win32
		{E586AF27-5613-4B40-A4E7-D018B716B72B}.Release|x64.ActiveCfg = Release|x64
		{E586AF27-5613-4B40-A4E7-D018B716B72B}.Release|x64.Build.0 = Release|x64
		{E586AF27-5613-4B40-A4E7-D018B716B72B}.Release|x86.ActiveCfg = Release|Win32
		{E586AF27-5613-4B40-A4E7-D018B716B72B}.Release|x86.Build.0 = Release|Win32
		{45B0E041-2309-480A-A077-9FB5C417CDA0}.Debug|x64.ActiveCfg = Debug|x64
		{45B0E041-2309-480A-A077-9FB5C417CDA0}.Debug|x64.Build.0 = Debug|x64
		{45B0E041-2309-480A-A077-9FB5C417CDA0}.Debug|x86.ActiveCfg = Debug|Win32
		{45B0E041-2309-480A-A077-9FB5C417CDA0}.Debug|x86.Build.0 = Debug|Win32
		{45B0E041-2309-480A-A077-9FB5C417CDA0}.Release|x64.ActiveCfg = Release|x64
		{45B0E041-2309-480A-A077-9FB5C417CDA0}.Release|x64.Build.0 = Release|x64
		{45B0E041-2309-480A-A077-9FB5C417CDA0}.Release|x86.ActiveCfg = Release|Win32
		{45B0E041-2309-480A-A077-9FB5C417CDA0}.Release|x86.Build.0 = Release|Win32
		{1DFF6297-93EB-4024-B1EB-519CA2F3588E}.Debug|x64.ActiveCfg = Debug|x64
		{1DFF6297-93EB-4024-B1EB-519CA2F3588E}.Debug|x64.Build.0 = Debug|x64
		{1DFF6297-93EB-4024-B1EB-519CA2F3588E}.Debug|x86.ActiveCfg = Debug|Win32
		{1DFF6297-93EB-4024-B1EB-519CA2F3588E}.Debug|x86.Build.0 = Debug|Win32
		{1DFF6297-93EB-4024-B1EB-519CA2F3588E}.Release|x64.ActiveCfg = Release|x64
		{1DFF6297-93EB-4024-B1EB-519CA2F3588E}.Release|x64.Build.0 = Release|x64
		{1DFF6297-93EB-4024-B1EB-519CA2F3588E}.Release|x86.ActiveCfg = Release|Win32
		{1DFF6297-93EB-4024-B1EB-519CA2F3588E}.Release|x86.Build.0 = Release|Win32
		{D4A35366-91DE-4850-9D0F-2787EF0C031F}.Debug|x64.ActiveCfg = Debug|x64
		{D4A35366-91DE-4850-9D0F-2787EF0C031F}.Debug|x64.Build.0 = Debug|x64
		{D4A35366-91DE-4850-9D0F-2787EF0C031F}.Debug|x86.ActiveCfg = Debug|Win32
		{D4A35366-91DE-4850-9D0F-2787EF0C031F}.Debug|x86.Build.0 = Debug|Win32
		{D4A35366-91DE-4850-9D0F-2787EF0C031F}.Release|x64.ActiveCfg = Release|x64
		{D4A35366-91DE-4850-9D0F-2787EF0C031F}.Release|x64.Build.0 = Release|x64
		{D4A35366-91DE-4850-9D0F-2787EF0C031F}.Release|x86.ActiveCfg = Release|Win32
		{D4A35366-91DE-4850-9D0F-2787EF0C031F}.Release|x86.Build.0 = Release|Win32
		{B9D1552E-344B-4416-B311-4B9EB25594E1}.Debug|x64.ActiveCfg = Debug|x64
		{B9D1552E-344B-4416-B311-4B9EB25594E1}.Debug|x64.Build.0 = Debug|x64
		{B9D1552E-344B-4416-B311-4B9EB25594E1}.Debug|x86.ActiveCfg = Debug|Win32
		{B9D1552E-344B-4416-B311-4B9EB25594E1}.Debug|x86.Build.0 = Debug|Win32
		{B9D1552E-344B-4416-B311-4B9EB25594E1}.Release|x64.ActiveCfg = Release|x64
		{B9D1552E-344B-4416-B311-4B9EB25594E1}.Release|x64.Build.0 = Release|x64
		{B9D1552E-344B-4416-B311-4B9EB25594E1}.Release|x86.ActiveCfg = Release|Win32
		{B9D1552E-344B-4416-B311-4B9EB25594E1}.Release|x86.Build.0 = Release|Win32
		{D2CBEA70-E9EB-4A8F-89E7-9C5BB39876AE}.Debug|x64.ActiveCfg = Debug|x64
		{D2CBEA70-E9EB-4A8F-89E7-9C5BB39876AE}.Debug|x64.Build.0 = Debug|x64
		{D2CBEA70-E9EB-4A8F-89E7-9C5BB39876AE}.Debug|x86.ActiveCfg = Debug|Win32
		{D2CBEA70-E9EB-4A8F-89E7-9C5BB39876AE}.Debug|x86.Build.0 = Debug|Win32
		{D2CBEA70-E9EB-4A8F-89E7-9C5BB39876AE}.Release|x64.ActiveCfg = Release|x64
		{D2CBEA70-E9EB-4A8F-89E7-9C5BB39876AE}.Release|x64.Build.0 = Release|x64
		{D2CBEA70-E9EB-4A8F-89E7-9C5BB39876AE}.Release|x86.ActiveCfg = Release|Win32
		{D2CBEA70-E9EB-4A8F-89E7-9C5BB39876AE}.Release|x86.Build.0 = Release|Win32
	EndGlobalSection
	GlobalSection(SolutionProperties) = preSolution
		HideSolutionNode = FALSE
	EndGlobalSection
	GlobalSection(NestedProjects) = preSolution
		{232EC3F2-CF4A-4179-A60B-80EC0A0128E0} = {B80507D0-70D5-4384-B027-7E8A42BC71B8}
		{E3938069-74E9-4D9F-8CE5-27341C1F9D71} = {24673D11-0549-464E-9465-5B077A0C62D6}
		{7AF272BB-3669-4B7B-8124-642822603621} = {B80507D0-70D5-4384-B027-7E8A42BC71B8}
		{293C7EB9-2677-48C7-947E-9D40579F625B} = {24673D11-0549-464E-9465-5B077A0C62D6}
		{35FE833F-8594-4C85-B4F8-D7AADCDA47BB} = {24673D11-0549-464E-9465-5B077A0C62D6}
		{EE82EC69-3563-47E3-9A85-E9D2FAA4435B} = {24673D11-0549-464E-9465-5B077A0C62D6}
		{D4995235-3470-41ED-978C-042B61E03B71} = {D1ABE823-D219-4195-8844-C9BA350076C9}
		{6BF0A9A1-C0C0-4B2A-809B-E2A7F3C17FF2} = {D1ABE823-D219-4195-8844-C9BA350076C9}
		{F63C07EC-4077-458D-ABA1-77A323822614} = {D1ABE823-D219-4195-8844-C9BA350076C9}
		{4D63D537-3471-453F-A31D-EA087868DE77} = {D1ABE823-D219-4195-8844-C9BA350076C9}
		{A781775D-7C18-4E36-89CF-41685011CAD1} = {D1ABE823-D219-4195-8844-C9BA350076C9}
		{1CD26EB7-1C94-4316-BB80-D2D7F559585C} = {D1ABE823-D219-4195-8844-C9BA350076C9}
		{488DB3D1-DE1D-4B86-9A0D-235937A3A5E2} = {D1ABE823-D219-4195-8844-C9BA350076C9}
		{A2239611-E3BC-455D-A473-66580751E3A2} = {D1ABE823-D219-4195-8844-C9BA350076C9}
		{52B7A631-212F-40F4-9E43-627ABE0A29AD} = {24673D11-0549-464E-9465-5B077A0C62D6}
		{CEC278DF-3689-48EB-86F8-C354AB3D5FD1} = {24673D11-0549-464E-9465-5B077A0C62D6}
		{3F5DAB00-0978-4374-AA7F-24AE316460DA} = {24673D11-0549-464E-9465-5B077A0C62D6}
		{E586AF27-5613-4B40-A4E7-D018B716B72B} = {24673D11-0549-464E-9465-5B077A0C62D6}
		{45B0E041-2309-480A-A077-9FB5C417CDA0} = {24673D11-0549-464E-9465-5B077A0C62D6}
		{1DFF6297-93EB-4024-B1EB-519CA2F3588E} = {24673D11-0549-464E-9465-5B077A0C62D6}
		{D4A35366-91DE-4850-9D0F-2787EF0C031F} = {24673D11-0549-464E-9465-5B077A0C62D6}
		{B9D1552E-344B-4416-B311-4B9EB25594E1} = {24673D11-0549-464E-9465-5B077A0C62D6}
		{D2CBEA70-E9EB-4A8F-89E7-9C5BB39876AE} = {24673D11-0549-464E-9465-5B077A0C62D6}
	EndGlobalSection
	GlobalSection(ExtensibilityGlobals) = postSolution
		SolutionGuid = {8D2AA8CB-44A0-4DDD-AA53-959369F2E8DD}
	EndGlobalSection
EndGlobal
