
Microsoft Visual Studio Solution File, Format Version 12.00
# Visual Studio 15
VisualStudioVersion = 15.0.26430.6
MinimumVisualStudioVersion = 10.0.40219.1
Project("{8BC9CEB8-8B4A-11D0-8D11-00A0C91BC942}") = "LearnOpenGL", "LearnOpenGL\LearnOpenGL.vcxproj", "{D4C6DE80-0284-43A5-93E5-F82C98B23A68}"
	ProjectSection(ProjectDependencies) = postProject
		{232EC3F2-CF4A-4179-A60B-80EC0A0128E0} = {232EC3F2-CF4A-4179-A60B-80EC0A0128E0}
	EndProjectSection
EndProject
Project("{2150E333-8FDC-42A3-9474-1A3956D46DE8}") = "Libraries", "Libraries", "{B80507D0-70D5-4384-B027-7E8A42BC71B8}"
EndProject
Project("{8BC9CEB8-8B4A-11D0-8D11-00A0C91BC942}") = "glad", "Libraries\glad\glad.vcxproj", "{232EC3F2-CF4A-4179-A60B-80EC0A0128E0}"
EndProject
Project("{2150E333-8FDC-42A3-9474-1A3956D46DE8}") = "Lighting", "Lighting", "{24673D11-0549-464E-9465-5B077A0C62D6}"
EndProject
Project("{8BC9CEB8-8B4A-11D0-8D11-00A0C91BC942}") = "BasicLighting", "Lighting\BasicLighting\BasicLighting.vcxproj", "{E3938069-74E9-4D9F-8CE5-27341C1F9D71}"
	ProjectSection(ProjectDependencies) = postProject
		{232EC3F2-CF4A-4179-A60B-80EC0A0128E0} = {232EC3F2-CF4A-4179-A60B-80EC0A0128E0}
	EndProjectSection
EndProject
Project("{2150E333-8FDC-42A3-9474-1A3956D46DE8}") = "include", "include", "{7AF272BB-3669-4B7B-8124-642822603621}"
	ProjectSection(SolutionItems) = preProject
		Libraries\include\camera.h = Libraries\include\camera.h
		Libraries\include\shader.h = Libraries\include\shader.h
		Libraries\include\stb_image.h = Libraries\include\stb_image.h
	EndProjectSection
EndProject
Project("{8BC9CEB8-8B4A-11D0-8D11-00A0C91BC942}") = "Materials", "Lighting\Materials\Materials.vcxproj", "{293C7EB9-2677-48C7-947E-9D40579F625B}"
EndProject
Project("{8BC9CEB8-8B4A-11D0-8D11-00A0C91BC942}") = "MultipleLights", "Lighting\MultipleLights\MultipleLights.vcxproj", "{35FE833F-8594-4C85-B4F8-D7AADCDA47BB}"
EndProject
Global
	GlobalSection(SolutionConfigurationPlatforms) = preSolution
		Debug|x64 = Debug|x64
		Debug|x86 = Debug|x86
		Release|x64 = Release|x64
		Release|x86 = Release|x86
	EndGlobalSection
	GlobalSection(ProjectConfigurationPlatforms) = postSolution
		{D4C6DE80-0284-43A5-93E5-F82C98B23A68}.Debug|x64.ActiveCfg = Debug|x64
		{D4C6DE80-0284-43A5-93E5-F82C98B23A68}.Debug|x64.Build.0 = Debug|x64
		{D4C6DE80-0284-43A5-93E5-F82C98B23A68}.Debug|x86.ActiveCfg = Debug|Win32
		{D4C6DE80-0284-43A5-93E5-F82C98B23A68}.Debug|x86.Build.0 = Debug|Win32
		{D4C6DE80-0284-43A5-93E5-F82C98B23A68}.Release|x64.ActiveCfg = Release|x64
		{D4C6DE80-0284-43A5-93E5-F82C98B23A68}.Release|x64.Build.0 = Release|x64
		{D4C6DE80-0284-43A5-93E5-F82C98B23A68}.Release|x86.ActiveCfg = Release|Win32
		{D4C6DE80-0284-43A5-93E5-F82C98B23A68}.Release|x86.Build.0 = Release|Win32
		{232EC3F2-CF4A-4179-A60B-80EC0A0128E0}.Debug|x64.ActiveCfg = Debug|x64
		{232EC3F2-CF4A-4179-A60B-80EC0A0128E0}.Debug|x64.Build.0 = Debug|x64
		{232EC3F2-CF4A-4179-A60B-80EC0A0128E0}.Debug|x86.ActiveCfg = Debug|Win32
		{232EC3F2-CF4A-4179-A60B-80EC0A0128E0}.Debug|x86.Build.0 = Debug|Win32
		{232EC3F2-CF4A-4179-A60B-80EC0A0128E0}.Release|x64.ActiveCfg = Release|x64
		{232EC3F2-CF4A-4179-A60B-80EC0A0128E0}.Release|x64.Build.0 = Release|x64
		{232EC3F2-CF4A-4179-A60B-80EC0A0128E0}.Release|x86.ActiveCfg = Release|Win32
		{232EC3F2-CF4A-4179-A60B-80EC0A0128E0}.Release|x86.Build.0 = Release|Win32
		{E3938069-74E9-4D9F-8CE5-27341C1F9D71}.Debug|x64.ActiveCfg = Debug|x64
		{E3938069-74E9-4D9F-8CE5-27341C1F9D71}.Debug|x64.Build.0 = Debug|x64
		{E3938069-74E9-4D9F-8CE5-27341C1F9D71}.Debug|x86.ActiveCfg = Debug|Win32
		{E3938069-74E9-4D9F-8CE5-27341C1F9D71}.Debug|x86.Build.0 = Debug|Win32
		{E3938069-74E9-4D9F-8CE5-27341C1F9D71}.Release|x64.ActiveCfg = Release|x64
		{E3938069-74E9-4D9F-8CE5-27341C1F9D71}.Release|x64.Build.0 = Release|x64
		{E3938069-74E9-4D9F-8CE5-27341C1F9D71}.Release|x86.ActiveCfg = Release|Win32
		{E3938069-74E9-4D9F-8CE5-27341C1F9D71}.Release|x86.Build.0 = Release|Win32
		{293C7EB9-2677-48C7-947E-9D40579F625B}.Debug|x64.ActiveCfg = Debug|x64
		{293C7EB9-2677-48C7-947E-9D40579F625B}.Debug|x64.Build.0 = Debug|x64
		{293C7EB9-2677-48C7-947E-9D40579F625B}.Debug|x86.ActiveCfg = Debug|Win32
		{293C7EB9-2677-48C7-947E-9D40579F625B}.Debug|x86.Build.0 = Debug|Win32
		{293C7EB9-2677-48C7-947E-9D40579F625B}.Release|x64.ActiveCfg = Release|x64
		{293C7EB9-2677-48C7-947E-9D40579F625B}.Release|x64.Build.0 = Release|x64
		{293C7EB9-2677-48C7-947E-9D40579F625B}.Release|x86.ActiveCfg = Release|Win32
		{293C7EB9-2677-48C7-947E-9D40579F625B}.Release|x86.Build.0 = Release|Win32
		{35FE833F-8594-4C85-B4F8-D7AADCDA47BB}.Debug|x64.ActiveCfg = Debug|x64
		{35FE833F-8594-4C85-B4F8-D7AADCDA47BB}.Debug|x64.Build.0 = Debug|x64
		{35FE833F-8594-4C85-B4F8-D7AADCDA47BB}.Debug|x86.ActiveCfg = Debug|Win32
		{35FE833F-8594-4C85-B4F8-D7AADCDA47BB}.Debug|x86.Build.0 = Debug|Win32
		{35FE833F-8594-4C85-B4F8-D7AADCDA47BB}.Release|x64.ActiveCfg = Release|x64
		{35FE833F-8594-4C85-B4F8-D7AADCDA47BB}.Release|x64.Build.0 = Release|x64
		{35FE833F-8594-4C85-B4F8-D7AADCDA47BB}.Release|x86.ActiveCfg = Release|Win32
		{35FE833F-8594-4C85-B4F8-D7AADCDA47BB}.Release|x86.Build.0 = Release|Win32
	EndGlobalSection
	GlobalSection(SolutionProperties) = preSolution
		HideSolutionNode = FALSE
	EndGlobalSection
	GlobalSection(NestedProjects) = preSolution
		{232EC3F2-CF4A-4179-A60B-80EC0A0128E0} = {B80507D0-70D5-4384-B027-7E8A42BC71B8}
		{E3938069-74E9-4D9F-8CE5-27341C1F9D71} = {24673D11-0549-464E-9465-5B077A0C62D6}
		{7AF272BB-3669-4B7B-8124-642822603621} = {B80507D0-70D5-4384-B027-7E8A42BC71B8}
		{293C7EB9-2677-48C7-947E-9D40579F625B} = {24673D11-0549-464E-9465-5B077A0C62D6}
		{35FE833F-8594-4C85-B4F8-D7AADCDA47BB} = {24673D11-0549-464E-9465-5B077A0C62D6}
	EndGlobalSection
EndGlobal
